
Microsoft Visual Studio Solution File, Format Version 12.00
# Visual Studio Version 17
VisualStudioVersion = 17.9.34728.123
MinimumVisualStudioVersion = 10.0.40219.1
Project("{888888A0-9F3D-457C-B088-3A5042F75D52}") = "CodeBreaking", "CodeBreaking.pyproj", "{84DB26FB-A646-4D23-9C58-1285A3E02D9D}"
EndProject
Global
	GlobalSection(SolutionConfigurationPlatforms) = preSolution
		Debug|Any CPU = Debug|Any CPU
		Release|Any CPU = Release|Any CPU
	EndGlobalSection
	GlobalSection(ProjectConfigurationPlatforms) = postSolution
		{84DB26FB-A646-4D23-9C58-1285A3E02D9D}.Debug|Any CPU.ActiveCfg = Debug|Any CPU
		{84DB26FB-A646-4D23-9C58-1285A3E02D9D}.Release|Any CPU.ActiveCfg = Release|Any CPU
	EndGlobalSection
	GlobalSection(SolutionProperties) = preSolution
		HideSolutionNode = FALSE
	EndGlobalSection
	GlobalSection(ExtensibilityGlobals) = postSolution
		SolutionGuid = {49A5AEAE-4060-4903-A30C-D2A36F0610C0}
	EndGlobalSection
EndGlobal
